// !$*UTF8*$!
{
	archiveVersion = 1;
	classes = {
	};
	objectVersion = 48;
	objects = {

/* Begin PBXBuildFile section */
		232F8A00205C701A00C32A9A /* Alamofire.framework in Frameworks */ = {isa = PBXBuildFile; fileRef = 23F05598205C5D8F005262D2 /* Alamofire.framework */; };
		232F8A01205C701A00C32A9A /* AlamofireImage.framework in Frameworks */ = {isa = PBXBuildFile; fileRef = 23F05599205C5D8F005262D2 /* AlamofireImage.framework */; };
		232F8A02205C701A00C32A9A /* SwiftyJSON.framework in Frameworks */ = {isa = PBXBuildFile; fileRef = 23F0559A205C5D8F005262D2 /* SwiftyJSON.framework */; };
		232F8A0A205DDD9800C32A9A /* search-response.json in Resources */ = {isa = PBXBuildFile; fileRef = 232F8A09205DDD9800C32A9A /* search-response.json */; };
		232F8A0D205DEB0900C32A9A /* Movie.swift in Sources */ = {isa = PBXBuildFile; fileRef = 232F8A0B205DEB0900C32A9A /* Movie.swift */; };
		232F8A0E205DEB0900C32A9A /* MovieSearchResults.swift in Sources */ = {isa = PBXBuildFile; fileRef = 232F8A0C205DEB0900C32A9A /* MovieSearchResults.swift */; };
		232F8A12205DEC1B00C32A9A /* MovieSearchResultsTests.swift in Sources */ = {isa = PBXBuildFile; fileRef = 232F8A11205DEC1B00C32A9A /* MovieSearchResultsTests.swift */; };
		23F0555F205C4488005262D2 /* AppDelegate.swift in Sources */ = {isa = PBXBuildFile; fileRef = 23F0555E205C4488005262D2 /* AppDelegate.swift */; };
		23F05561205C4488005262D2 /* ViewController.swift in Sources */ = {isa = PBXBuildFile; fileRef = 23F05560205C4488005262D2 /* ViewController.swift */; };
		23F05564205C4488005262D2 /* Main.storyboard in Resources */ = {isa = PBXBuildFile; fileRef = 23F05562205C4488005262D2 /* Main.storyboard */; };
		23F05566205C4488005262D2 /* Assets.xcassets in Resources */ = {isa = PBXBuildFile; fileRef = 23F05565205C4488005262D2 /* Assets.xcassets */; };
		23F05569205C4488005262D2 /* LaunchScreen.storyboard in Resources */ = {isa = PBXBuildFile; fileRef = 23F05567205C4488005262D2 /* LaunchScreen.storyboard */; };
		23F0557F205C4488005262D2 /* movie_search_tddUITests.swift in Sources */ = {isa = PBXBuildFile; fileRef = 23F0557E205C4488005262D2 /* movie_search_tddUITests.swift */; };
		23F05593205C4C5F005262D2 /* NetworkServicesTests.swift in Sources */ = {isa = PBXBuildFile; fileRef = 23F05592205C4C5F005262D2 /* NetworkServicesTests.swift */; };
		23F05595205C5436005262D2 /* NetworkServices.swift in Sources */ = {isa = PBXBuildFile; fileRef = 23F05594205C5436005262D2 /* NetworkServices.swift */; };
		23F0559B205C5D8F005262D2 /* Alamofire.framework in Frameworks */ = {isa = PBXBuildFile; fileRef = 23F05598205C5D8F005262D2 /* Alamofire.framework */; };
		23F0559C205C5D8F005262D2 /* AlamofireImage.framework in Frameworks */ = {isa = PBXBuildFile; fileRef = 23F05599205C5D8F005262D2 /* AlamofireImage.framework */; };
		23F0559D205C5D8F005262D2 /* SwiftyJSON.framework in Frameworks */ = {isa = PBXBuildFile; fileRef = 23F0559A205C5D8F005262D2 /* SwiftyJSON.framework */; };
/* End PBXBuildFile section */

/* Begin PBXContainerItemProxy section */
		23F05570205C4488005262D2 /* PBXContainerItemProxy */ = {
			isa = PBXContainerItemProxy;
			containerPortal = 23F05553205C4488005262D2 /* Project object */;
			proxyType = 1;
			remoteGlobalIDString = 23F0555A205C4488005262D2;
			remoteInfo = "movie-search-tdd";
		};
		23F0557B205C4488005262D2 /* PBXContainerItemProxy */ = {
			isa = PBXContainerItemProxy;
			containerPortal = 23F05553205C4488005262D2 /* Project object */;
			proxyType = 1;
			remoteGlobalIDString = 23F0555A205C4488005262D2;
			remoteInfo = "movie-search-tdd";
		};
/* End PBXContainerItemProxy section */

/* Begin PBXFileReference section */
		232F8A09205DDD9800C32A9A /* search-response.json */ = {isa = PBXFileReference; fileEncoding = 4; lastKnownFileType = text.json; path = "search-response.json"; sourceTree = "<group>"; };
		232F8A0B205DEB0900C32A9A /* Movie.swift */ = {isa = PBXFileReference; fileEncoding = 4; lastKnownFileType = sourcecode.swift; path = Movie.swift; sourceTree = "<group>"; };
		232F8A0C205DEB0900C32A9A /* MovieSearchResults.swift */ = {isa = PBXFileReference; fileEncoding = 4; lastKnownFileType = sourcecode.swift; path = MovieSearchResults.swift; sourceTree = "<group>"; };
		232F8A11205DEC1B00C32A9A /* MovieSearchResultsTests.swift */ = {isa = PBXFileReference; lastKnownFileType = sourcecode.swift; path = MovieSearchResultsTests.swift; sourceTree = "<group>"; };
		23F0555B205C4488005262D2 /* movie-search-tdd.app */ = {isa = PBXFileReference; explicitFileType = wrapper.application; includeInIndex = 0; path = "movie-search-tdd.app"; sourceTree = BUILT_PRODUCTS_DIR; };
		23F0555E205C4488005262D2 /* AppDelegate.swift */ = {isa = PBXFileReference; lastKnownFileType = sourcecode.swift; path = AppDelegate.swift; sourceTree = "<group>"; };
		23F05560205C4488005262D2 /* ViewController.swift */ = {isa = PBXFileReference; lastKnownFileType = sourcecode.swift; path = ViewController.swift; sourceTree = "<group>"; };
		23F05563205C4488005262D2 /* Base */ = {isa = PBXFileReference; lastKnownFileType = file.storyboard; name = Base; path = Base.lproj/Main.storyboard; sourceTree = "<group>"; };
		23F05565205C4488005262D2 /* Assets.xcassets */ = {isa = PBXFileReference; lastKnownFileType = folder.assetcatalog; path = Assets.xcassets; sourceTree = "<group>"; };
		23F05568205C4488005262D2 /* Base */ = {isa = PBXFileReference; lastKnownFileType = file.storyboard; name = Base; path = Base.lproj/LaunchScreen.storyboard; sourceTree = "<group>"; };
		23F0556A205C4488005262D2 /* Info.plist */ = {isa = PBXFileReference; lastKnownFileType = text.plist.xml; path = Info.plist; sourceTree = "<group>"; };
		23F0556F205C4488005262D2 /* movie-search-tddTests.xctest */ = {isa = PBXFileReference; explicitFileType = wrapper.cfbundle; includeInIndex = 0; path = "movie-search-tddTests.xctest"; sourceTree = BUILT_PRODUCTS_DIR; };
		23F05575205C4488005262D2 /* Info.plist */ = {isa = PBXFileReference; lastKnownFileType = text.plist.xml; path = Info.plist; sourceTree = "<group>"; };
		23F0557A205C4488005262D2 /* movie-search-tddUITests.xctest */ = {isa = PBXFileReference; explicitFileType = wrapper.cfbundle; includeInIndex = 0; path = "movie-search-tddUITests.xctest"; sourceTree = BUILT_PRODUCTS_DIR; };
		23F0557E205C4488005262D2 /* movie_search_tddUITests.swift */ = {isa = PBXFileReference; lastKnownFileType = sourcecode.swift; path = movie_search_tddUITests.swift; sourceTree = "<group>"; };
		23F05580205C4489005262D2 /* Info.plist */ = {isa = PBXFileReference; lastKnownFileType = text.plist.xml; path = Info.plist; sourceTree = "<group>"; };
		23F05592205C4C5F005262D2 /* NetworkServicesTests.swift */ = {isa = PBXFileReference; lastKnownFileType = sourcecode.swift; path = NetworkServicesTests.swift; sourceTree = "<group>"; };
		23F05594205C5436005262D2 /* NetworkServices.swift */ = {isa = PBXFileReference; lastKnownFileType = sourcecode.swift; path = NetworkServices.swift; sourceTree = "<group>"; };
		23F05598205C5D8F005262D2 /* Alamofire.framework */ = {isa = PBXFileReference; lastKnownFileType = wrapper.framework; name = Alamofire.framework; path = Carthage/Build/iOS/Alamofire.framework; sourceTree = "<group>"; };
		23F05599205C5D8F005262D2 /* AlamofireImage.framework */ = {isa = PBXFileReference; lastKnownFileType = wrapper.framework; name = AlamofireImage.framework; path = Carthage/Build/iOS/AlamofireImage.framework; sourceTree = "<group>"; };
		23F0559A205C5D8F005262D2 /* SwiftyJSON.framework */ = {isa = PBXFileReference; lastKnownFileType = wrapper.framework; name = SwiftyJSON.framework; path = Carthage/Build/iOS/SwiftyJSON.framework; sourceTree = "<group>"; };
/* End PBXFileReference section */

/* Begin PBXFrameworksBuildPhase section */
		23F05558205C4488005262D2 /* Frameworks */ = {
			isa = PBXFrameworksBuildPhase;
			buildActionMask = 2147483647;
			files = (
				23F0559B205C5D8F005262D2 /* Alamofire.framework in Frameworks */,
				23F0559C205C5D8F005262D2 /* AlamofireImage.framework in Frameworks */,
				23F0559D205C5D8F005262D2 /* SwiftyJSON.framework in Frameworks */,
			);
			runOnlyForDeploymentPostprocessing = 0;
		};
		23F0556C205C4488005262D2 /* Frameworks */ = {
			isa = PBXFrameworksBuildPhase;
			buildActionMask = 2147483647;
			files = (
				232F8A00205C701A00C32A9A /* Alamofire.framework in Frameworks */,
				232F8A01205C701A00C32A9A /* AlamofireImage.framework in Frameworks */,
				232F8A02205C701A00C32A9A /* SwiftyJSON.framework in Frameworks */,
			);
			runOnlyForDeploymentPostprocessing = 0;
		};
		23F05577205C4488005262D2 /* Frameworks */ = {
			isa = PBXFrameworksBuildPhase;
			buildActionMask = 2147483647;
			files = (
			);
			runOnlyForDeploymentPostprocessing = 0;
		};
/* End PBXFrameworksBuildPhase section */

/* Begin PBXGroup section */
		23F05552205C4488005262D2 = {
			isa = PBXGroup;
			children = (
				23F0555D205C4488005262D2 /* movie-search-tdd */,
				23F05572205C4488005262D2 /* movie-search-tddTests */,
				23F0557D205C4488005262D2 /* movie-search-tddUITests */,
				23F0555C205C4488005262D2 /* Products */,
				23F05597205C5D8E005262D2 /* Frameworks */,
			);
			sourceTree = "<group>";
		};
		23F0555C205C4488005262D2 /* Products */ = {
			isa = PBXGroup;
			children = (
				23F0555B205C4488005262D2 /* movie-search-tdd.app */,
				23F0556F205C4488005262D2 /* movie-search-tddTests.xctest */,
				23F0557A205C4488005262D2 /* movie-search-tddUITests.xctest */,
			);
			name = Products;
			sourceTree = "<group>";
		};
		23F0555D205C4488005262D2 /* movie-search-tdd */ = {
			isa = PBXGroup;
			children = (
				23F05591205C4A37005262D2 /* Resources */,
				23F05590205C4A2D005262D2 /* Models */,
				23F0558D205C473E005262D2 /* ViewControllers */,
				23F0558C205C4731005262D2 /* Views */,
				23F0555E205C4488005262D2 /* AppDelegate.swift */,
				23F05560205C4488005262D2 /* ViewController.swift */,
				23F05565205C4488005262D2 /* Assets.xcassets */,
				23F0556A205C4488005262D2 /* Info.plist */,
			);
			path = "movie-search-tdd";
			sourceTree = "<group>";
		};
		23F05572205C4488005262D2 /* movie-search-tddTests */ = {
			isa = PBXGroup;
			children = (
				23F05592205C4C5F005262D2 /* NetworkServicesTests.swift */,
				232F8A11205DEC1B00C32A9A /* MovieSearchResultsTests.swift */,
				23F05575205C4488005262D2 /* Info.plist */,
			);
			path = "movie-search-tddTests";
			sourceTree = "<group>";
		};
		23F0557D205C4488005262D2 /* movie-search-tddUITests */ = {
			isa = PBXGroup;
			children = (
				23F0557E205C4488005262D2 /* movie_search_tddUITests.swift */,
				23F05580205C4489005262D2 /* Info.plist */,
			);
			path = "movie-search-tddUITests";
			sourceTree = "<group>";
		};
		23F0558C205C4731005262D2 /* Views */ = {
			isa = PBXGroup;
			children = (
				23F05562205C4488005262D2 /* Main.storyboard */,
				23F05567205C4488005262D2 /* LaunchScreen.storyboard */,
			);
			path = Views;
			sourceTree = "<group>";
		};
		23F0558D205C473E005262D2 /* ViewControllers */ = {
			isa = PBXGroup;
			children = (
			);
			path = ViewControllers;
			sourceTree = "<group>";
		};
		23F05590205C4A2D005262D2 /* Models */ = {
			isa = PBXGroup;
			children = (
				232F8A0C205DEB0900C32A9A /* MovieSearchResults.swift */,
				232F8A0B205DEB0900C32A9A /* Movie.swift */,
				23F05594205C5436005262D2 /* NetworkServices.swift */,
			);
			path = Models;
			sourceTree = "<group>";
		};
		23F05591205C4A37005262D2 /* Resources */ = {
			isa = PBXGroup;
			children = (
				232F8A09205DDD9800C32A9A /* search-response.json */,
			);
			path = Resources;
			sourceTree = "<group>";
		};
		23F05597205C5D8E005262D2 /* Frameworks */ = {
			isa = PBXGroup;
			children = (
				23F05598205C5D8F005262D2 /* Alamofire.framework */,
				23F05599205C5D8F005262D2 /* AlamofireImage.framework */,
				23F0559A205C5D8F005262D2 /* SwiftyJSON.framework */,
			);
			name = Frameworks;
			sourceTree = "<group>";
		};
/* End PBXGroup section */

/* Begin PBXNativeTarget section */
		23F0555A205C4488005262D2 /* movie-search-tdd */ = {
			isa = PBXNativeTarget;
			buildConfigurationList = 23F05583205C4489005262D2 /* Build configuration list for PBXNativeTarget "movie-search-tdd" */;
			buildPhases = (
				23F05557205C4488005262D2 /* Sources */,
				23F05558205C4488005262D2 /* Frameworks */,
				23F05559205C4488005262D2 /* Resources */,
				23F05596205C5C0D005262D2 /* ShellScript */,
			);
			buildRules = (
			);
			dependencies = (
			);
			name = "movie-search-tdd";
			productName = "movie-search-tdd";
			productReference = 23F0555B205C4488005262D2 /* movie-search-tdd.app */;
			productType = "com.apple.product-type.application";
		};
		23F0556E205C4488005262D2 /* movie-search-tddTests */ = {
			isa = PBXNativeTarget;
			buildConfigurationList = 23F05586205C4489005262D2 /* Build configuration list for PBXNativeTarget "movie-search-tddTests" */;
			buildPhases = (
				23F0556B205C4488005262D2 /* Sources */,
				23F0556C205C4488005262D2 /* Frameworks */,
				23F0556D205C4488005262D2 /* Resources */,
			);
			buildRules = (
			);
			dependencies = (
				23F05571205C4488005262D2 /* PBXTargetDependency */,
			);
			name = "movie-search-tddTests";
			productName = "movie-search-tddTests";
			productReference = 23F0556F205C4488005262D2 /* movie-search-tddTests.xctest */;
			productType = "com.apple.product-type.bundle.unit-test";
		};
		23F05579205C4488005262D2 /* movie-search-tddUITests */ = {
			isa = PBXNativeTarget;
			buildConfigurationList = 23F05589205C4489005262D2 /* Build configuration list for PBXNativeTarget "movie-search-tddUITests" */;
			buildPhases = (
				23F05576205C4488005262D2 /* Sources */,
				23F05577205C4488005262D2 /* Frameworks */,
				23F05578205C4488005262D2 /* Resources */,
			);
			buildRules = (
			);
			dependencies = (
				23F0557C205C4488005262D2 /* PBXTargetDependency */,
			);
			name = "movie-search-tddUITests";
			productName = "movie-search-tddUITests";
			productReference = 23F0557A205C4488005262D2 /* movie-search-tddUITests.xctest */;
			productType = "com.apple.product-type.bundle.ui-testing";
		};
/* End PBXNativeTarget section */

/* Begin PBXProject section */
		23F05553205C4488005262D2 /* Project object */ = {
			isa = PBXProject;
			attributes = {
				LastSwiftUpdateCheck = 0920;
				LastUpgradeCheck = 0920;
				ORGANIZATIONNAME = "Carlos Arenas";
				TargetAttributes = {
					23F0555A205C4488005262D2 = {
						CreatedOnToolsVersion = 9.2;
						ProvisioningStyle = Automatic;
					};
					23F0556E205C4488005262D2 = {
						CreatedOnToolsVersion = 9.2;
						ProvisioningStyle = Automatic;
						TestTargetID = 23F0555A205C4488005262D2;
					};
					23F05579205C4488005262D2 = {
						CreatedOnToolsVersion = 9.2;
						ProvisioningStyle = Automatic;
						TestTargetID = 23F0555A205C4488005262D2;
					};
				};
			};
			buildConfigurationList = 23F05556205C4488005262D2 /* Build configuration list for PBXProject "movie-search-tdd" */;
			compatibilityVersion = "Xcode 8.0";
			developmentRegion = en;
			hasScannedForEncodings = 0;
			knownRegions = (
				en,
				Base,
			);
			mainGroup = 23F05552205C4488005262D2;
			productRefGroup = 23F0555C205C4488005262D2 /* Products */;
			projectDirPath = "";
			projectRoot = "";
			targets = (
				23F0555A205C4488005262D2 /* movie-search-tdd */,
				23F0556E205C4488005262D2 /* movie-search-tddTests */,
				23F05579205C4488005262D2 /* movie-search-tddUITests */,
			);
		};
/* End PBXProject section */

/* Begin PBXResourcesBuildPhase section */
		23F05559205C4488005262D2 /* Resources */ = {
			isa = PBXResourcesBuildPhase;
			buildActionMask = 2147483647;
			files = (
				23F05569205C4488005262D2 /* LaunchScreen.storyboard in Resources */,
				23F05566205C4488005262D2 /* Assets.xcassets in Resources */,
				232F8A0A205DDD9800C32A9A /* search-response.json in Resources */,
				23F05564205C4488005262D2 /* Main.storyboard in Resources */,
			);
			runOnlyForDeploymentPostprocessing = 0;
		};
		23F0556D205C4488005262D2 /* Resources */ = {
			isa = PBXResourcesBuildPhase;
			buildActionMask = 2147483647;
			files = (
			);
			runOnlyForDeploymentPostprocessing = 0;
		};
		23F05578205C4488005262D2 /* Resources */ = {
			isa = PBXResourcesBuildPhase;
			buildActionMask = 2147483647;
			files = (
			);
			runOnlyForDeploymentPostprocessing = 0;
		};
/* End PBXResourcesBuildPhase section */

/* Begin PBXShellScriptBuildPhase section */
		23F05596205C5C0D005262D2 /* ShellScript */ = {
			isa = PBXShellScriptBuildPhase;
			buildActionMask = 2147483647;
			files = (
			);
			inputPaths = (
				"$(SRCROOT)/Carthage/Build/iOS/Alamofire.framework",
				"$(SRCROOT)/Carthage/Build/iOS/AlamofireImage.framework",
				"$(SRCROOT)/Carthage/Build/iOS/SwiftyJSON.framework",
			);
			outputPaths = (
			);
			runOnlyForDeploymentPostprocessing = 0;
			shellPath = /bin/sh;
			shellScript = "/usr/local/bin/carthage copy-frameworks";
		};
/* End PBXShellScriptBuildPhase section */

/* Begin PBXSourcesBuildPhase section */
		23F05557205C4488005262D2 /* Sources */ = {
			isa = PBXSourcesBuildPhase;
			buildActionMask = 2147483647;
			files = (
				232F8A0E205DEB0900C32A9A /* MovieSearchResults.swift in Sources */,
				23F05595205C5436005262D2 /* NetworkServices.swift in Sources */,
				232F8A0D205DEB0900C32A9A /* Movie.swift in Sources */,
				23F05561205C4488005262D2 /* ViewController.swift in Sources */,
				23F0555F205C4488005262D2 /* AppDelegate.swift in Sources */,
			);
			runOnlyForDeploymentPostprocessing = 0;
		};
		23F0556B205C4488005262D2 /* Sources */ = {
			isa = PBXSourcesBuildPhase;
			buildActionMask = 2147483647;
			files = (
				23F05593205C4C5F005262D2 /* NetworkServicesTests.swift in Sources */,
				232F8A12205DEC1B00C32A9A /* MovieSearchResultsTests.swift in Sources */,
			);
			runOnlyForDeploymentPostprocessing = 0;
		};
		23F05576205C4488005262D2 /* Sources */ = {
			isa = PBXSourcesBuildPhase;
			buildActionMask = 2147483647;
			files = (
				23F0557F205C4488005262D2 /* movie_search_tddUITests.swift in Sources */,
			);
			runOnlyForDeploymentPostprocessing = 0;
		};
/* End PBXSourcesBuildPhase section */

/* Begin PBXTargetDependency section */
		23F05571205C4488005262D2 /* PBXTargetDependency */ = {
			isa = PBXTargetDependency;
			target = 23F0555A205C4488005262D2 /* movie-search-tdd */;
			targetProxy = 23F05570205C4488005262D2 /* PBXContainerItemProxy */;
		};
		23F0557C205C4488005262D2 /* PBXTargetDependency */ = {
			isa = PBXTargetDependency;
			target = 23F0555A205C4488005262D2 /* movie-search-tdd */;
			targetProxy = 23F0557B205C4488005262D2 /* PBXContainerItemProxy */;
		};
/* End PBXTargetDependency section */

/* Begin PBXVariantGroup section */
		23F05562205C4488005262D2 /* Main.storyboard */ = {
			isa = PBXVariantGroup;
			children = (
				23F05563205C4488005262D2 /* Base */,
			);
			name = Main.storyboard;
			sourceTree = "<group>";
		};
		23F05567205C4488005262D2 /* LaunchScreen.storyboard */ = {
			isa = PBXVariantGroup;
			children = (
				23F05568205C4488005262D2 /* Base */,
			);
			name = LaunchScreen.storyboard;
			sourceTree = "<group>";
		};
/* End PBXVariantGroup section */

/* Begin XCBuildConfiguration section */
		23F05581205C4489005262D2 /* Debug */ = {
			isa = XCBuildConfiguration;
			buildSettings = {
				ALWAYS_SEARCH_USER_PATHS = NO;
				CLANG_ANALYZER_NONNULL = YES;
				CLANG_ANALYZER_NUMBER_OBJECT_CONVERSION = YES_AGGRESSIVE;
				CLANG_CXX_LANGUAGE_STANDARD = "gnu++14";
				CLANG_CXX_LIBRARY = "libc++";
				CLANG_ENABLE_MODULES = YES;
				CLANG_ENABLE_OBJC_ARC = YES;
				CLANG_WARN_BLOCK_CAPTURE_AUTORELEASING = YES;
				CLANG_WARN_BOOL_CONVERSION = YES;
				CLANG_WARN_COMMA = YES;
				CLANG_WARN_CONSTANT_CONVERSION = YES;
				CLANG_WARN_DIRECT_OBJC_ISA_USAGE = YES_ERROR;
				CLANG_WARN_DOCUMENTATION_COMMENTS = YES;
				CLANG_WARN_EMPTY_BODY = YES;
				CLANG_WARN_ENUM_CONVERSION = YES;
				CLANG_WARN_INFINITE_RECURSION = YES;
				CLANG_WARN_INT_CONVERSION = YES;
				CLANG_WARN_NON_LITERAL_NULL_CONVERSION = YES;
				CLANG_WARN_OBJC_LITERAL_CONVERSION = YES;
				CLANG_WARN_OBJC_ROOT_CLASS = YES_ERROR;
				CLANG_WARN_RANGE_LOOP_ANALYSIS = YES;
				CLANG_WARN_STRICT_PROTOTYPES = YES;
				CLANG_WARN_SUSPICIOUS_MOVE = YES;
				CLANG_WARN_UNGUARDED_AVAILABILITY = YES_AGGRESSIVE;
				CLANG_WARN_UNREACHABLE_CODE = YES;
				CLANG_WARN__DUPLICATE_METHOD_MATCH = YES;
				CODE_SIGN_IDENTITY = "iPhone Developer";
				COPY_PHASE_STRIP = NO;
				DEBUG_INFORMATION_FORMAT = dwarf;
				ENABLE_STRICT_OBJC_MSGSEND = YES;
				ENABLE_TESTABILITY = YES;
				GCC_C_LANGUAGE_STANDARD = gnu11;
				GCC_DYNAMIC_NO_PIC = NO;
				GCC_NO_COMMON_BLOCKS = YES;
				GCC_OPTIMIZATION_LEVEL = 0;
				GCC_PREPROCESSOR_DEFINITIONS = (
					"DEBUG=1",
					"$(inherited)",
				);
				GCC_WARN_64_TO_32_BIT_CONVERSION = YES;
				GCC_WARN_ABOUT_RETURN_TYPE = YES_ERROR;
				GCC_WARN_UNDECLARED_SELECTOR = YES;
				GCC_WARN_UNINITIALIZED_AUTOS = YES_AGGRESSIVE;
				GCC_WARN_UNUSED_FUNCTION = YES;
				GCC_WARN_UNUSED_VARIABLE = YES;
				IPHONEOS_DEPLOYMENT_TARGET = 11.2;
				MTL_ENABLE_DEBUG_INFO = YES;
				ONLY_ACTIVE_ARCH = YES;
				SDKROOT = iphoneos;
				SWIFT_ACTIVE_COMPILATION_CONDITIONS = DEBUG;
				SWIFT_OPTIMIZATION_LEVEL = "-Onone";
			};
			name = Debug;
		};
		23F05582205C4489005262D2 /* Release */ = {
			isa = XCBuildConfiguration;
			buildSettings = {
				ALWAYS_SEARCH_USER_PATHS = NO;
				CLANG_ANALYZER_NONNULL = YES;
				CLANG_ANALYZER_NUMBER_OBJECT_CONVERSION = YES_AGGRESSIVE;
				CLANG_CXX_LANGUAGE_STANDARD = "gnu++14";
				CLANG_CXX_LIBRARY = "libc++";
				CLANG_ENABLE_MODULES = YES;
				CLANG_ENABLE_OBJC_ARC = YES;
				CLANG_WARN_BLOCK_CAPTURE_AUTORELEASING = YES;
				CLANG_WARN_BOOL_CONVERSION = YES;
				CLANG_WARN_COMMA = YES;
				CLANG_WARN_CONSTANT_CONVERSION = YES;
				CLANG_WARN_DIRECT_OBJC_ISA_USAGE = YES_ERROR;
				CLANG_WARN_DOCUMENTATION_COMMENTS = YES;
				CLANG_WARN_EMPTY_BODY = YES;
				CLANG_WARN_ENUM_CONVERSION = YES;
				CLANG_WARN_INFINITE_RECURSION = YES;
				CLANG_WARN_INT_CONVERSION = YES;
				CLANG_WARN_NON_LITERAL_NULL_CONVERSION = YES;
				CLANG_WARN_OBJC_LITERAL_CONVERSION = YES;
				CLANG_WARN_OBJC_ROOT_CLASS = YES_ERROR;
				CLANG_WARN_RANGE_LOOP_ANALYSIS = YES;
				CLANG_WARN_STRICT_PROTOTYPES = YES;
				CLANG_WARN_SUSPICIOUS_MOVE = YES;
				CLANG_WARN_UNGUARDED_AVAILABILITY = YES_AGGRESSIVE;
				CLANG_WARN_UNREACHABLE_CODE = YES;
				CLANG_WARN__DUPLICATE_METHOD_MATCH = YES;
				CODE_SIGN_IDENTITY = "iPhone Developer";
				COPY_PHASE_STRIP = NO;
				DEBUG_INFORMATION_FORMAT = "dwarf-with-dsym";
				ENABLE_NS_ASSERTIONS = NO;
				ENABLE_STRICT_OBJC_MSGSEND = YES;
				GCC_C_LANGUAGE_STANDARD = gnu11;
				GCC_NO_COMMON_BLOCKS = YES;
				GCC_WARN_64_TO_32_BIT_CONVERSION = YES;
				GCC_WARN_ABOUT_RETURN_TYPE = YES_ERROR;
				GCC_WARN_UNDECLARED_SELECTOR = YES;
				GCC_WARN_UNINITIALIZED_AUTOS = YES_AGGRESSIVE;
				GCC_WARN_UNUSED_FUNCTION = YES;
				GCC_WARN_UNUSED_VARIABLE = YES;
				IPHONEOS_DEPLOYMENT_TARGET = 11.2;
				MTL_ENABLE_DEBUG_INFO = NO;
				SDKROOT = iphoneos;
				SWIFT_OPTIMIZATION_LEVEL = "-Owholemodule";
				VALIDATE_PRODUCT = YES;
			};
			name = Release;
		};
		23F05584205C4489005262D2 /* Debug */ = {
			isa = XCBuildConfiguration;
			buildSettings = {
				ASSETCATALOG_COMPILER_APPICON_NAME = AppIcon;
				CODE_SIGN_STYLE = Automatic;
				FRAMEWORK_SEARCH_PATHS = (
					"$(inherited)",
					"$(PROJECT_DIR)/Carthage/Build/iOS",
				);
				INFOPLIST_FILE = "movie-search-tdd/Info.plist";
				LD_RUNPATH_SEARCH_PATHS = "$(inherited) @executable_path/Frameworks";
				PRODUCT_BUNDLE_IDENTIFIER = "ca.movie-search-tdd";
				PRODUCT_NAME = "$(TARGET_NAME)";
				SWIFT_VERSION = 4.0;
				TARGETED_DEVICE_FAMILY = "1,2";
			};
			name = Debug;
		};
		23F05585205C4489005262D2 /* Release */ = {
			isa = XCBuildConfiguration;
			buildSettings = {
				ASSETCATALOG_COMPILER_APPICON_NAME = AppIcon;
				CODE_SIGN_STYLE = Automatic;
				FRAMEWORK_SEARCH_PATHS = (
					"$(inherited)",
					"$(PROJECT_DIR)/Carthage/Build/iOS",
				);
				INFOPLIST_FILE = "movie-search-tdd/Info.plist";
				LD_RUNPATH_SEARCH_PATHS = "$(inherited) @executable_path/Frameworks";
				PRODUCT_BUNDLE_IDENTIFIER = "ca.movie-search-tdd";
				PRODUCT_NAME = "$(TARGET_NAME)";
				SWIFT_VERSION = 4.0;
				TARGETED_DEVICE_FAMILY = "1,2";
			};
			name = Release;
		};
		23F05587205C4489005262D2 /* Debug */ = {
			isa = XCBuildConfiguration;
			buildSettings = {
				ALWAYS_EMBED_SWIFT_STANDARD_LIBRARIES = YES;
				BUNDLE_LOADER = "$(TEST_HOST)";
				CODE_SIGN_STYLE = Automatic;
				FRAMEWORK_SEARCH_PATHS = (
					"$(inherited)",
					"$(PROJECT_DIR)/Carthage/Build/iOS",
				);
				INFOPLIST_FILE = "movie-search-tddTests/Info.plist";
				LD_RUNPATH_SEARCH_PATHS = "$(inherited) @executable_path/Frameworks @loader_path/Frameworks";
				PRODUCT_BUNDLE_IDENTIFIER = "ca.movie-search-tddTests";
				PRODUCT_NAME = "$(TARGET_NAME)";
				SWIFT_VERSION = 4.0;
				TARGETED_DEVICE_FAMILY = "1,2";
				TEST_HOST = "$(BUILT_PRODUCTS_DIR)/movie-search-tdd.app/movie-search-tdd";
			};
			name = Debug;
		};
		23F05588205C4489005262D2 /* Release */ = {
			isa = XCBuildConfiguration;
			buildSettings = {
				ALWAYS_EMBED_SWIFT_STANDARD_LIBRARIES = YES;
				BUNDLE_LOADER = "$(TEST_HOST)";
				CODE_SIGN_STYLE = Automatic;
				FRAMEWORK_SEARCH_PATHS = (
					"$(inherited)",
					"$(PROJECT_DIR)/Carthage/Build/iOS",
				);
				INFOPLIST_FILE = "movie-search-tddTests/Info.plist";
				LD_RUNPATH_SEARCH_PATHS = "$(inherited) @executable_path/Frameworks @loader_path/Frameworks";
				PRODUCT_BUNDLE_IDENTIFIER = "ca.movie-search-tddTests";
				PRODUCT_NAME = "$(TARGET_NAME)";
				SWIFT_VERSION = 4.0;
				TARGETED_DEVICE_FAMILY = "1,2";
				TEST_HOST = "$(BUILT_PRODUCTS_DIR)/movie-search-tdd.app/movie-search-tdd";
			};
			name = Release;
		};
		23F0558A205C4489005262D2 /* Debug */ = {
			isa = XCBuildConfiguration;
			buildSettings = {
				ALWAYS_EMBED_SWIFT_STANDARD_LIBRARIES = YES;
				CODE_SIGN_STYLE = Automatic;
				INFOPLIST_FILE = "movie-search-tddUITests/Info.plist";
				LD_RUNPATH_SEARCH_PATHS = "$(inherited) @executable_path/Frameworks @loader_path/Frameworks";
				PRODUCT_BUNDLE_IDENTIFIER = "ca.movie-search-tddUITests";
				PRODUCT_NAME = "$(TARGET_NAME)";
				SWIFT_VERSION = 4.0;
				TARGETED_DEVICE_FAMILY = "1,2";
				TEST_TARGET_NAME = "movie-search-tdd";
			};
			name = Debug;
		};
		23F0558B205C4489005262D2 /* Release */ = {
			isa = XCBuildConfiguration;
			buildSettings = {
				ALWAYS_EMBED_SWIFT_STANDARD_LIBRARIES = YES;
				CODE_SIGN_STYLE = Automatic;
				INFOPLIST_FILE = "movie-search-tddUITests/Info.plist";
				LD_RUNPATH_SEARCH_PATHS = "$(inherited) @executable_path/Frameworks @loader_path/Frameworks";
				PRODUCT_BUNDLE_IDENTIFIER = "ca.movie-search-tddUITests";
				PRODUCT_NAME = "$(TARGET_NAME)";
				SWIFT_VERSION = 4.0;
				TARGETED_DEVICE_FAMILY = "1,2";
				TEST_TARGET_NAME = "movie-search-tdd";
			};
			name = Release;
		};
/* End XCBuildConfiguration section */

/* Begin XCConfigurationList section */
		23F05556205C4488005262D2 /* Build configuration list for PBXProject "movie-search-tdd" */ = {
			isa = XCConfigurationList;
			buildConfigurations = (
				23F05581205C4489005262D2 /* Debug */,
				23F05582205C4489005262D2 /* Release */,
			);
			defaultConfigurationIsVisible = 0;
			defaultConfigurationName = Release;
		};
		23F05583205C4489005262D2 /* Build configuration list for PBXNativeTarget "movie-search-tdd" */ = {
			isa = XCConfigurationList;
			buildConfigurations = (
				23F05584205C4489005262D2 /* Debug */,
				23F05585205C4489005262D2 /* Release */,
			);
			defaultConfigurationIsVisible = 0;
			defaultConfigurationName = Release;
		};
		23F05586205C4489005262D2 /* Build configuration list for PBXNativeTarget "movie-search-tddTests" */ = {
			isa = XCConfigurationList;
			buildConfigurations = (
				23F05587205C4489005262D2 /* Debug */,
				23F05588205C4489005262D2 /* Release */,
			);
			defaultConfigurationIsVisible = 0;
			defaultConfigurationName = Release;
		};
		23F05589205C4489005262D2 /* Build configuration list for PBXNativeTarget "movie-search-tddUITests" */ = {
			isa = XCConfigurationList;
			buildConfigurations = (
				23F0558A205C4489005262D2 /* Debug */,
				23F0558B205C4489005262D2 /* Release */,
			);
			defaultConfigurationIsVisible = 0;
			defaultConfigurationName = Release;
		};
/* End XCConfigurationList section */
	};
	rootObject = 23F05553205C4488005262D2 /* Project object */;
}
